
Microsoft Visual Studio Solution File, Format Version 12.00
# Visual Studio Version 17
VisualStudioVersion = 17.0.31612.314
MinimumVisualStudioVersion = 10.0.40219.1
Project("{9A19103F-16F7-4668-BE54-9A1E7A4F7556}") = "ControleTarefa.Data", "ControleTarefa.Data\ControleTarefa.Data.csproj", "{15DC60E7-CDF1-4499-AF66-37A0FB0EB947}"
EndProject
Project("{9A19103F-16F7-4668-BE54-9A1E7A4F7556}") = "ControleTarefa.App", "ControleTarefa.App\ControleTarefa.App.csproj", "{ECE46B1F-6FE1-4FBB-82DD-EB0971836A81}"
EndProject
Project("{9A19103F-16F7-4668-BE54-9A1E7A4F7556}") = "ControleTarefa.Repositorio", "ControleTarefa.Repositorio\ControleTarefa.Repositorio.csproj", "{04372228-0313-4EFF-990B-4FD8DE0ADF04}"
EndProject
Project("{FAE04EC0-301F-11D3-BF4B-00C04F79EFBC}") = "ControleTarefa.Servico", "ControleTarefa.Servico\ControleTarefa.Servico.csproj", "{8DEAAC96-DF9B-4D4E-9A7F-2D8A628BA833}"
EndProject
Global
	GlobalSection(SolutionConfigurationPlatforms) = preSolution
		Debug|Any CPU = Debug|Any CPU
		Release|Any CPU = Release|Any CPU
	EndGlobalSection
	GlobalSection(ProjectConfigurationPlatforms) = postSolution
		{15DC60E7-CDF1-4499-AF66-37A0FB0EB947}.Debug|Any CPU.ActiveCfg = Debug|Any CPU
		{15DC60E7-CDF1-4499-AF66-37A0FB0EB947}.Debug|Any CPU.Build.0 = Debug|Any CPU
		{15DC60E7-CDF1-4499-AF66-37A0FB0EB947}.Release|Any CPU.ActiveCfg = Release|Any CPU
		{15DC60E7-CDF1-4499-AF66-37A0FB0EB947}.Release|Any CPU.Build.0 = Release|Any CPU
		{ECE46B1F-6FE1-4FBB-82DD-EB0971836A81}.Debug|Any CPU.ActiveCfg = Debug|Any CPU
		{ECE46B1F-6FE1-4FBB-82DD-EB0971836A81}.Debug|Any CPU.Build.0 = Debug|Any CPU
		{ECE46B1F-6FE1-4FBB-82DD-EB0971836A81}.Release|Any CPU.ActiveCfg = Release|Any CPU
		{ECE46B1F-6FE1-4FBB-82DD-EB0971836A81}.Release|Any CPU.Build.0 = Release|Any CPU
		{04372228-0313-4EFF-990B-4FD8DE0ADF04}.Debug|Any CPU.ActiveCfg = Debug|Any CPU
		{04372228-0313-4EFF-990B-4FD8DE0ADF04}.Debug|Any CPU.Build.0 = Debug|Any CPU
		{04372228-0313-4EFF-990B-4FD8DE0ADF04}.Release|Any CPU.ActiveCfg = Release|Any CPU
		{04372228-0313-4EFF-990B-4FD8DE0ADF04}.Release|Any CPU.Build.0 = Release|Any CPU
		{8DEAAC96-DF9B-4D4E-9A7F-2D8A628BA833}.Debug|Any CPU.ActiveCfg = Debug|Any CPU
		{8DEAAC96-DF9B-4D4E-9A7F-2D8A628BA833}.Debug|Any CPU.Build.0 = Debug|Any CPU
		{8DEAAC96-DF9B-4D4E-9A7F-2D8A628BA833}.Release|Any CPU.ActiveCfg = Release|Any CPU
		{8DEAAC96-DF9B-4D4E-9A7F-2D8A628BA833}.Release|Any CPU.Build.0 = Release|Any CPU
	EndGlobalSection
	GlobalSection(SolutionProperties) = preSolution
		HideSolutionNode = FALSE
	EndGlobalSection
	GlobalSection(ExtensibilityGlobals) = postSolution
		SolutionGuid = {3244FE1D-04F8-4B75-807C-DE3928AB89AC}
	EndGlobalSection
EndGlobal
